Microsoft Visual Studio Solution File, Format Version 12.00
# Visual Studio Version 18
VisualStudioVersion = 18.3.11222.16 d18.3
MinimumVisualStudioVersion = 10.0.40219.1
Project("{FAE04EC0-301F-11D3-BF4B-00C04F79EFBC}") = "GenericPipeline", "src\GenericPipeline\GenericPipeline.csproj", "{7C6D63B2-1F4E-4F9A-B566-2D0E3D6B0E2E}"
EndProject
Project("{FAE04EC0-301F-11D3-BF4B-00C04F79EFBC}") = "GenericPipeline.Tests", "tests\GenericPipeline.Tests\GenericPipeline.Tests.csproj", "{B7B9A9B5-9E20-4C55-9F3E-6A0A7A0A2D7B}"
EndProject
Global
	GlobalSection(SolutionConfigurationPlatforms) = preSolution
		Debug|Any CPU = Debug|Any CPU
		Release|Any CPU = Release|Any CPU
	EndGlobalSection
	GlobalSection(ProjectConfigurationPlatforms) = postSolution
		{7C6D63B2-1F4E-4F9A-B566-2D0E3D6B0E2E}.Debug|Any CPU.ActiveCfg = Debug|Any CPU
		{7C6D63B2-1F4E-4F9A-B566-2D0E3D6B0E2E}.Debug|Any CPU.Build.0 = Debug|Any CPU
		{7C6D63B2-1F4E-4F9A-B566-2D0E3D6B0E2E}.Release|Any CPU.ActiveCfg = Release|Any CPU
		{7C6D63B2-1F4E-4F9A-B566-2D0E3D6B0E2E}.Release|Any CPU.Build.0 = Release|Any CPU
		{B7B9A9B5-9E20-4C55-9F3E-6A0A7A0A2D7B}.Debug|Any CPU.ActiveCfg = Debug|Any CPU
		{B7B9A9B5-9E20-4C55-9F3E-6A0A7A0A2D7B}.Debug|Any CPU.Build.0 = Debug|Any CPU
		{B7B9A9B5-9E20-4C55-9F3E-6A0A7A0A2D7B}.Release|Any CPU.ActiveCfg = Release|Any CPU
		{B7B9A9B5-9E20-4C55-9F3E-6A0A7A0A2D7B}.Release|Any CPU.Build.0 = Release|Any CPU
	EndGlobalSection
	GlobalSection(SolutionProperties) = preSolution
		HideSolutionNode = FALSE
	EndGlobalSection
EndGlobal
